
Microsoft Visual Studio Solution File, Format Version 12.00
# Visual Studio 15
VisualStudioVersion = 15.0.28307.960
MinimumVisualStudioVersion = 10.0.40219.1
Project("{F184B08F-C81C-45F6-A57F-5ABD9991F28F}") = "calculadora1.1", "calculadora1.1\calculadora1.1.vbproj", "{60833980-D6A5-4B0D-8833-1E204AFD5E28}"
EndProject
Global
	GlobalSection(SolutionConfigurationPlatforms) = preSolution
		Debug|Any CPU = Debug|Any CPU
		Release|Any CPU = Release|Any CPU
	EndGlobalSection
	GlobalSection(ProjectConfigurationPlatforms) = postSolution
		{60833980-D6A5-4B0D-8833-1E204AFD5E28}.Debug|Any CPU.ActiveCfg = Debug|Any CPU
		{60833980-D6A5-4B0D-8833-1E204AFD5E28}.Debug|Any CPU.Build.0 = Debug|Any CPU
		{60833980-D6A5-4B0D-8833-1E204AFD5E28}.Release|Any CPU.ActiveCfg = Release|Any CPU
		{60833980-D6A5-4B0D-8833-1E204AFD5E28}.Release|Any CPU.Build.0 = Release|Any CPU
	EndGlobalSection
	GlobalSection(SolutionProperties) = preSolution
		HideSolutionNode = FALSE
	EndGlobalSection
	GlobalSection(ExtensibilityGlobals) = postSolution
		SolutionGuid = {23935160-05AF-4437-B0EB-744AEED8542C}
	EndGlobalSection
EndGlobal
